
Microsoft Visual Studio Solution File, Format Version 12.00
# Visual Studio Version 17
VisualStudioVersion = 17.8.34931.61
MinimumVisualStudioVersion = 10.0.40219.1
Project("{9A19103F-16F7-4668-BE54-9A1E7A4F7556}") = "WpfDemo", "WpfDemo\WpfDemo.csproj", "{7830DE5E-5488-4D9C-812B-CCAA842160BE}"
EndProject
Project("{9A19103F-16F7-4668-BE54-9A1E7A4F7556}") = "TodoApp", "TodoApp\TodoApp.csproj", "{C00A314E-FBE7-4B3E-9BD6-7F31E338E3DE}"
EndProject
Project("{9A19103F-16F7-4668-BE54-9A1E7A4F7556}") = "Login", "Login\Login.csproj", "{DA76F882-DB4E-4982-8C0E-1B14501049EC}"
EndProject
Project("{FAE04EC0-301F-11D3-BF4B-00C04F79EFBC}") = "DataBinding", "DataBinding\DataBinding.csproj", "{D1276634-F52A-4B17-A13D-AC56ECFF9F50}"
EndProject
Global
	GlobalSection(SolutionConfigurationPlatforms) = preSolution
		Debug|Any CPU = Debug|Any CPU
		Release|Any CPU = Release|Any CPU
	EndGlobalSection
	GlobalSection(ProjectConfigurationPlatforms) = postSolution
		{7830DE5E-5488-4D9C-812B-CCAA842160BE}.Debug|Any CPU.ActiveCfg = Debug|Any CPU
		{7830DE5E-5488-4D9C-812B-CCAA842160BE}.Debug|Any CPU.Build.0 = Debug|Any CPU
		{7830DE5E-5488-4D9C-812B-CCAA842160BE}.Release|Any CPU.ActiveCfg = Release|Any CPU
		{7830DE5E-5488-4D9C-812B-CCAA842160BE}.Release|Any CPU.Build.0 = Release|Any CPU
		{C00A314E-FBE7-4B3E-9BD6-7F31E338E3DE}.Debug|Any CPU.ActiveCfg = Debug|Any CPU
		{C00A314E-FBE7-4B3E-9BD6-7F31E338E3DE}.Debug|Any CPU.Build.0 = Debug|Any CPU
		{C00A314E-FBE7-4B3E-9BD6-7F31E338E3DE}.Release|Any CPU.ActiveCfg = Release|Any CPU
		{C00A314E-FBE7-4B3E-9BD6-7F31E338E3DE}.Release|Any CPU.Build.0 = Release|Any CPU
		{DA76F882-DB4E-4982-8C0E-1B14501049EC}.Debug|Any CPU.ActiveCfg = Debug|Any CPU
		{DA76F882-DB4E-4982-8C0E-1B14501049EC}.Debug|Any CPU.Build.0 = Debug|Any CPU
		{DA76F882-DB4E-4982-8C0E-1B14501049EC}.Release|Any CPU.ActiveCfg = Release|Any CPU
		{DA76F882-DB4E-4982-8C0E-1B14501049EC}.Release|Any CPU.Build.0 = Release|Any CPU
		{D1276634-F52A-4B17-A13D-AC56ECFF9F50}.Debug|Any CPU.ActiveCfg = Debug|Any CPU
		{D1276634-F52A-4B17-A13D-AC56ECFF9F50}.Debug|Any CPU.Build.0 = Debug|Any CPU
		{D1276634-F52A-4B17-A13D-AC56ECFF9F50}.Release|Any CPU.ActiveCfg = Release|Any CPU
		{D1276634-F52A-4B17-A13D-AC56ECFF9F50}.Release|Any CPU.Build.0 = Release|Any CPU
	EndGlobalSection
	GlobalSection(SolutionProperties) = preSolution
		HideSolutionNode = FALSE
	EndGlobalSection
	GlobalSection(ExtensibilityGlobals) = postSolution
		SolutionGuid = {910DB976-B25D-4DD9-918B-2281272B5789}
	EndGlobalSection
EndGlobal
